
Microsoft Visual Studio Solution File, Format Version 12.00
# Visual Studio 2012
Project("{FAE04EC0-301F-11D3-BF4B-00C04F79EFBC}") = "JavaScriptBook", "JavaScriptBook\JavaScriptBook.csproj", "{F3603697-97A6-4A00-8668-FE10B526C613}"
EndProject
Global
	GlobalSection(SolutionConfigurationPlatforms) = preSolution
		Debug|Any CPU = Debug|Any CPU
		Release|Any CPU = Release|Any CPU
	EndGlobalSection
	GlobalSection(ProjectConfigurationPlatforms) = postSolution
		{F3603697-97A6-4A00-8668-FE10B526C613}.Debug|Any CPU.ActiveCfg = Debug|Any CPU
		{F3603697-97A6-4A00-8668-FE10B526C613}.Debug|Any CPU.Build.0 = Debug|Any CPU
		{F3603697-97A6-4A00-8668-FE10B526C613}.Release|Any CPU.ActiveCfg = Release|Any CPU
		{F3603697-97A6-4A00-8668-FE10B526C613}.Release|Any CPU.Build.0 = Release|Any CPU
	EndGlobalSection
	GlobalSection(SolutionProperties) = preSolution
		HideSolutionNode = FALSE
	EndGlobalSection
EndGlobal
